
Microsoft Visual Studio Solution File, Format Version 12.00
# Visual Studio Version 17
VisualStudioVersion = 17.0.32014.148
MinimumVisualStudioVersion = 10.0.40219.1
Project("{FAE04EC0-301F-11D3-BF4B-00C04F79EFBC}") = "GarbageCollectorDemo", "GarbageCollectorDemo\GarbageCollectorDemo.csproj", "{B6C61C54-78BA-44F9-9206-5ACDCEADF972}"
EndProject
Global
	GlobalSection(SolutionConfigurationPlatforms) = preSolution
		Debug|Any CPU = Debug|Any CPU
		Release|Any CPU = Release|Any CPU
	EndGlobalSection
	GlobalSection(ProjectConfigurationPlatforms) = postSolution
		{B6C61C54-78BA-44F9-9206-5ACDCEADF972}.Debug|Any CPU.ActiveCfg = Debug|Any CPU
		{B6C61C54-78BA-44F9-9206-5ACDCEADF972}.Debug|Any CPU.Build.0 = Debug|Any CPU
		{B6C61C54-78BA-44F9-9206-5ACDCEADF972}.Release|Any CPU.ActiveCfg = Release|Any CPU
		{B6C61C54-78BA-44F9-9206-5ACDCEADF972}.Release|Any CPU.Build.0 = Release|Any CPU
	EndGlobalSection
	GlobalSection(SolutionProperties) = preSolution
		HideSolutionNode = FALSE
	EndGlobalSection
	GlobalSection(ExtensibilityGlobals) = postSolution
		SolutionGuid = {3BFBED8A-1CBF-4FB6-8245-99E808451E59}
	EndGlobalSection
EndGlobal
